
Microsoft Visual Studio Solution File, Format Version 12.00
# Visual Studio Version 16
VisualStudioVersion = 16.0.29519.181
MinimumVisualStudioVersion = 10.0.40219.1
Project("{FAE04EC0-301F-11D3-BF4B-00C04F79EFBC}") = "ControleDeChamados", "ControleDeChamados\ControleDeChamados.csproj", "{5E3B965A-0515-4FFD-A3F7-A6E3EA9CA63F}"
EndProject
Project("{FAE04EC0-301F-11D3-BF4B-00C04F79EFBC}") = "View", "View\View.csproj", "{544034AD-80CF-4117-A8FB-ABEBEEFBA9F5}"
EndProject
Project("{FAE04EC0-301F-11D3-BF4B-00C04F79EFBC}") = "Modelos", "Modelos\Modelos.csproj", "{0036EA79-A8FF-4091-BDF9-A7D2D66C0AEF}"
EndProject
Project("{FAE04EC0-301F-11D3-BF4B-00C04F79EFBC}") = "Controladores", "Controladores\Controladores.csproj", "{E43F5C03-EE63-4EDB-8F6E-CB7BBCEBCD70}"
EndProject
Project("{FAE04EC0-301F-11D3-BF4B-00C04F79EFBC}") = "Interfaces", "Interfaces\Interfaces.csproj", "{39B0C481-B513-480B-941F-FCB8956AF409}"
EndProject
Project("{FAE04EC0-301F-11D3-BF4B-00C04F79EFBC}") = "Repositorio", "Repositorio\Repositorio.csproj", "{EEC09529-C1A8-4315-9FBA-368612A41C5E}"
EndProject
Project("{FAE04EC0-301F-11D3-BF4B-00C04F79EFBC}") = "BancoDeDados", "BancoDeDados\BancoDeDados.csproj", "{54C8152D-3DD8-4EEE-8C46-A729C6BF0ABC}"
EndProject
Project("{FAE04EC0-301F-11D3-BF4B-00C04F79EFBC}") = "AtualizadorBD", "AtualizadorBD\AtualizadorBD.csproj", "{7C26BCA9-7F5C-46D6-8B3D-E57F9774B712}"
EndProject
Project("{FAE04EC0-301F-11D3-BF4B-00C04F79EFBC}") = "Mensagens", "Mensagens\Mensagens.csproj", "{4720EC6C-088C-456E-BB8C-BE126BA3F4C3}"
EndProject
Project("{FAE04EC0-301F-11D3-BF4B-00C04F79EFBC}") = "UtilitariosSistema", "UtilitariosSistema\UtilitariosSistema.csproj", "{9C219348-0ED7-4541-B577-73B0305679FC}"
EndProject
Project("{FAE04EC0-301F-11D3-BF4B-00C04F79EFBC}") = "Enumeradores", "Enumeradores\Enumeradores.csproj", "{480435BD-F722-4BA5-81FF-D89B522101FC}"
EndProject
Project("{FAE04EC0-301F-11D3-BF4B-00C04F79EFBC}") = "GeradorComandosSQLServer", "GeradorComandosSQLServer\GeradorComandosSQLServer.csproj", "{264358F2-FCC4-41A6-9272-7045A0298DD1}"
EndProject
Global
	GlobalSection(SolutionConfigurationPlatforms) = preSolution
		Debug|Any CPU = Debug|Any CPU
		Release|Any CPU = Release|Any CPU
	EndGlobalSection
	GlobalSection(ProjectConfigurationPlatforms) = postSolution
		{5E3B965A-0515-4FFD-A3F7-A6E3EA9CA63F}.Debug|Any CPU.ActiveCfg = Debug|Any CPU
		{5E3B965A-0515-4FFD-A3F7-A6E3EA9CA63F}.Debug|Any CPU.Build.0 = Debug|Any CPU
		{5E3B965A-0515-4FFD-A3F7-A6E3EA9CA63F}.Release|Any CPU.ActiveCfg = Release|Any CPU
		{5E3B965A-0515-4FFD-A3F7-A6E3EA9CA63F}.Release|Any CPU.Build.0 = Release|Any CPU
		{544034AD-80CF-4117-A8FB-ABEBEEFBA9F5}.Debug|Any CPU.ActiveCfg = Debug|Any CPU
		{544034AD-80CF-4117-A8FB-ABEBEEFBA9F5}.Debug|Any CPU.Build.0 = Debug|Any CPU
		{544034AD-80CF-4117-A8FB-ABEBEEFBA9F5}.Release|Any CPU.ActiveCfg = Release|Any CPU
		{544034AD-80CF-4117-A8FB-ABEBEEFBA9F5}.Release|Any CPU.Build.0 = Release|Any CPU
		{0036EA79-A8FF-4091-BDF9-A7D2D66C0AEF}.Debug|Any CPU.ActiveCfg = Debug|Any CPU
		{0036EA79-A8FF-4091-BDF9-A7D2D66C0AEF}.Debug|Any CPU.Build.0 = Debug|Any CPU
		{0036EA79-A8FF-4091-BDF9-A7D2D66C0AEF}.Release|Any CPU.ActiveCfg = Release|Any CPU
		{0036EA79-A8FF-4091-BDF9-A7D2D66C0AEF}.Release|Any CPU.Build.0 = Release|Any CPU
		{E43F5C03-EE63-4EDB-8F6E-CB7BBCEBCD70}.Debug|Any CPU.ActiveCfg = Debug|Any CPU
		{E43F5C03-EE63-4EDB-8F6E-CB7BBCEBCD70}.Debug|Any CPU.Build.0 = Debug|Any CPU
		{E43F5C03-EE63-4EDB-8F6E-CB7BBCEBCD70}.Release|Any CPU.ActiveCfg = Release|Any CPU
		{E43F5C03-EE63-4EDB-8F6E-CB7BBCEBCD70}.Release|Any CPU.Build.0 = Release|Any CPU
		{39B0C481-B513-480B-941F-FCB8956AF409}.Debug|Any CPU.ActiveCfg = Debug|Any CPU
		{39B0C481-B513-480B-941F-FCB8956AF409}.Debug|Any CPU.Build.0 = Debug|Any CPU
		{39B0C481-B513-480B-941F-FCB8956AF409}.Release|Any CPU.ActiveCfg = Release|Any CPU
		{39B0C481-B513-480B-941F-FCB8956AF409}.Release|Any CPU.Build.0 = Release|Any CPU
		{EEC09529-C1A8-4315-9FBA-368612A41C5E}.Debug|Any CPU.ActiveCfg = Debug|Any CPU
		{EEC09529-C1A8-4315-9FBA-368612A41C5E}.Debug|Any CPU.Build.0 = Debug|Any CPU
		{EEC09529-C1A8-4315-9FBA-368612A41C5E}.Release|Any CPU.ActiveCfg = Release|Any CPU
		{EEC09529-C1A8-4315-9FBA-368612A41C5E}.Release|Any CPU.Build.0 = Release|Any CPU
		{54C8152D-3DD8-4EEE-8C46-A729C6BF0ABC}.Debug|Any CPU.ActiveCfg = Debug|Any CPU
		{54C8152D-3DD8-4EEE-8C46-A729C6BF0ABC}.Debug|Any CPU.Build.0 = Debug|Any CPU
		{54C8152D-3DD8-4EEE-8C46-A729C6BF0ABC}.Release|Any CPU.ActiveCfg = Release|Any CPU
		{54C8152D-3DD8-4EEE-8C46-A729C6BF0ABC}.Release|Any CPU.Build.0 = Release|Any CPU
		{7C26BCA9-7F5C-46D6-8B3D-E57F9774B712}.Debug|Any CPU.ActiveCfg = Debug|Any CPU
		{7C26BCA9-7F5C-46D6-8B3D-E57F9774B712}.Debug|Any CPU.Build.0 = Debug|Any CPU
		{7C26BCA9-7F5C-46D6-8B3D-E57F9774B712}.Release|Any CPU.ActiveCfg = Release|Any CPU
		{7C26BCA9-7F5C-46D6-8B3D-E57F9774B712}.Release|Any CPU.Build.0 = Release|Any CPU
		{4720EC6C-088C-456E-BB8C-BE126BA3F4C3}.Debug|Any CPU.ActiveCfg = Debug|Any CPU
		{4720EC6C-088C-456E-BB8C-BE126BA3F4C3}.Debug|Any CPU.Build.0 = Debug|Any CPU
		{4720EC6C-088C-456E-BB8C-BE126BA3F4C3}.Release|Any CPU.ActiveCfg = Release|Any CPU
		{4720EC6C-088C-456E-BB8C-BE126BA3F4C3}.Release|Any CPU.Build.0 = Release|Any CPU
		{9C219348-0ED7-4541-B577-73B0305679FC}.Debug|Any CPU.ActiveCfg = Debug|Any CPU
		{9C219348-0ED7-4541-B577-73B0305679FC}.Debug|Any CPU.Build.0 = Debug|Any CPU
		{9C219348-0ED7-4541-B577-73B0305679FC}.Release|Any CPU.ActiveCfg = Release|Any CPU
		{9C219348-0ED7-4541-B577-73B0305679FC}.Release|Any CPU.Build.0 = Release|Any CPU
		{480435BD-F722-4BA5-81FF-D89B522101FC}.Debug|Any CPU.ActiveCfg = Debug|Any CPU
		{480435BD-F722-4BA5-81FF-D89B522101FC}.Debug|Any CPU.Build.0 = Debug|Any CPU
		{480435BD-F722-4BA5-81FF-D89B522101FC}.Release|Any CPU.ActiveCfg = Release|Any CPU
		{480435BD-F722-4BA5-81FF-D89B522101FC}.Release|Any CPU.Build.0 = Release|Any CPU
		{264358F2-FCC4-41A6-9272-7045A0298DD1}.Debug|Any CPU.ActiveCfg = Debug|Any CPU
		{264358F2-FCC4-41A6-9272-7045A0298DD1}.Debug|Any CPU.Build.0 = Debug|Any CPU
		{264358F2-FCC4-41A6-9272-7045A0298DD1}.Release|Any CPU.ActiveCfg = Release|Any CPU
		{264358F2-FCC4-41A6-9272-7045A0298DD1}.Release|Any CPU.Build.0 = Release|Any CPU
	EndGlobalSection
	GlobalSection(SolutionProperties) = preSolution
		HideSolutionNode = FALSE
	EndGlobalSection
	GlobalSection(ExtensibilityGlobals) = postSolution
		SolutionGuid = {8FBA5C66-AC02-459F-998E-B464631EB465}
	EndGlobalSection
EndGlobal
